
Microsoft Visual Studio Solution File, Format Version 12.00
# Visual Studio Version 18
VisualStudioVersion = 18.1.11304.174 d18.0
MinimumVisualStudioVersion = 10.0.40219.1
Project("{FAE04EC0-301F-11D3-BF4B-00C04F79EFBC}") = "FCG.WebAPI", "FCG.WebAPI.csproj", "{91F5CA39-655B-457E-AAF3-4A63EBBA352C}"
EndProject
Project("{FAE04EC0-301F-11D3-BF4B-00C04F79EFBC}") = "FCG.Domain", "..\FCG.Domain\FCG.Domain.csproj", "{1734E10B-BF7A-4890-BB66-74383DDFA918}"
EndProject
Project("{FAE04EC0-301F-11D3-BF4B-00C04F79EFBC}") = "FCG.Infrastructure", "..\FCG.Infrastructure\FCG.Infrastructure.csproj", "{6DF92C5A-3D0F-4294-9619-CF81080337A6}"
EndProject
Project("{FAE04EC0-301F-11D3-BF4B-00C04F79EFBC}") = "FCG.Application", "..\FCG.Application\FCG.Application.csproj", "{B430E4A8-C42F-47D5-A7B9-D5E8A854BE0D}"
EndProject
Project("{FAE04EC0-301F-11D3-BF4B-00C04F79EFBC}") = "FCG.Test", "..\FCG.Test\FCG.Test.csproj", "{63648023-2200-44D2-B40A-CC256E82D39C}"
EndProject
Global
	GlobalSection(SolutionConfigurationPlatforms) = preSolution
		Debug|Any CPU = Debug|Any CPU
		Release|Any CPU = Release|Any CPU
	EndGlobalSection
	GlobalSection(ProjectConfigurationPlatforms) = postSolution
		{91F5CA39-655B-457E-AAF3-4A63EBBA352C}.Debug|Any CPU.ActiveCfg = Debug|Any CPU
		{91F5CA39-655B-457E-AAF3-4A63EBBA352C}.Debug|Any CPU.Build.0 = Debug|Any CPU
		{91F5CA39-655B-457E-AAF3-4A63EBBA352C}.Release|Any CPU.ActiveCfg = Release|Any CPU
		{91F5CA39-655B-457E-AAF3-4A63EBBA352C}.Release|Any CPU.Build.0 = Release|Any CPU
		{1734E10B-BF7A-4890-BB66-74383DDFA918}.Debug|Any CPU.ActiveCfg = Debug|Any CPU
		{1734E10B-BF7A-4890-BB66-74383DDFA918}.Debug|Any CPU.Build.0 = Debug|Any CPU
		{1734E10B-BF7A-4890-BB66-74383DDFA918}.Release|Any CPU.ActiveCfg = Release|Any CPU
		{1734E10B-BF7A-4890-BB66-74383DDFA918}.Release|Any CPU.Build.0 = Release|Any CPU
		{6DF92C5A-3D0F-4294-9619-CF81080337A6}.Debug|Any CPU.ActiveCfg = Debug|Any CPU
		{6DF92C5A-3D0F-4294-9619-CF81080337A6}.Debug|Any CPU.Build.0 = Debug|Any CPU
		{6DF92C5A-3D0F-4294-9619-CF81080337A6}.Release|Any CPU.ActiveCfg = Release|Any CPU
		{6DF92C5A-3D0F-4294-9619-CF81080337A6}.Release|Any CPU.Build.0 = Release|Any CPU
		{B430E4A8-C42F-47D5-A7B9-D5E8A854BE0D}.Debug|Any CPU.ActiveCfg = Debug|Any CPU
		{B430E4A8-C42F-47D5-A7B9-D5E8A854BE0D}.Debug|Any CPU.Build.0 = Debug|Any CPU
		{B430E4A8-C42F-47D5-A7B9-D5E8A854BE0D}.Release|Any CPU.ActiveCfg = Release|Any CPU
		{B430E4A8-C42F-47D5-A7B9-D5E8A854BE0D}.Release|Any CPU.Build.0 = Release|Any CPU
		{63648023-2200-44D2-B40A-CC256E82D39C}.Debug|Any CPU.ActiveCfg = Debug|Any CPU
		{63648023-2200-44D2-B40A-CC256E82D39C}.Debug|Any CPU.Build.0 = Debug|Any CPU
		{63648023-2200-44D2-B40A-CC256E82D39C}.Release|Any CPU.ActiveCfg = Release|Any CPU
		{63648023-2200-44D2-B40A-CC256E82D39C}.Release|Any CPU.Build.0 = Release|Any CPU
	EndGlobalSection
	GlobalSection(SolutionProperties) = preSolution
		HideSolutionNode = FALSE
	EndGlobalSection
	GlobalSection(ExtensibilityGlobals) = postSolution
		SolutionGuid = {0150C0D1-364F-4887-B067-CFB33AAD76A5}
	EndGlobalSection
EndGlobal
